
Microsoft Visual Studio Solution File, Format Version 12.00
# Visual Studio Version 17
VisualStudioVersion = 17.2.32630.192
MinimumVisualStudioVersion = 10.0.40219.1
Project("{9A19103F-16F7-4668-BE54-9A1E7A4F7556}") = "Blazor.Shared", "Blazor.Shared\Blazor.Shared.csproj", "{8C49EF13-7528-4C2E-B009-7B40DDDBDC00}"
EndProject
Project("{9A19103F-16F7-4668-BE54-9A1E7A4F7556}") = "Blazor.Domain", "Blazor.Domain\Blazor.Domain.csproj", "{F41030EE-3D98-4BF2-A89A-76F67267D23B}"
EndProject
Project("{FAE04EC0-301F-11D3-BF4B-00C04F79EFBC}") = "Blazor.Client", "Blazor.Client\Blazor.Client.csproj", "{B7A69586-5E2F-49C8-AAEB-1B205915723E}"
EndProject
Global
	GlobalSection(SolutionConfigurationPlatforms) = preSolution
		Debug|Any CPU = Debug|Any CPU
		Release|Any CPU = Release|Any CPU
	EndGlobalSection
	GlobalSection(ProjectConfigurationPlatforms) = postSolution
		{8C49EF13-7528-4C2E-B009-7B40DDDBDC00}.Debug|Any CPU.ActiveCfg = Debug|Any CPU
		{8C49EF13-7528-4C2E-B009-7B40DDDBDC00}.Debug|Any CPU.Build.0 = Debug|Any CPU
		{8C49EF13-7528-4C2E-B009-7B40DDDBDC00}.Release|Any CPU.ActiveCfg = Release|Any CPU
		{8C49EF13-7528-4C2E-B009-7B40DDDBDC00}.Release|Any CPU.Build.0 = Release|Any CPU
		{F41030EE-3D98-4BF2-A89A-76F67267D23B}.Debug|Any CPU.ActiveCfg = Debug|Any CPU
		{F41030EE-3D98-4BF2-A89A-76F67267D23B}.Debug|Any CPU.Build.0 = Debug|Any CPU
		{F41030EE-3D98-4BF2-A89A-76F67267D23B}.Release|Any CPU.ActiveCfg = Release|Any CPU
		{F41030EE-3D98-4BF2-A89A-76F67267D23B}.Release|Any CPU.Build.0 = Release|Any CPU
		{B7A69586-5E2F-49C8-AAEB-1B205915723E}.Debug|Any CPU.ActiveCfg = Debug|Any CPU
		{B7A69586-5E2F-49C8-AAEB-1B205915723E}.Debug|Any CPU.Build.0 = Debug|Any CPU
		{B7A69586-5E2F-49C8-AAEB-1B205915723E}.Release|Any CPU.ActiveCfg = Release|Any CPU
		{B7A69586-5E2F-49C8-AAEB-1B205915723E}.Release|Any CPU.Build.0 = Release|Any CPU
	EndGlobalSection
	GlobalSection(SolutionProperties) = preSolution
		HideSolutionNode = FALSE
	EndGlobalSection
	GlobalSection(ExtensibilityGlobals) = postSolution
		SolutionGuid = {1E7AC661-4272-440D-9A75-9EE8080CA22D}
	EndGlobalSection
EndGlobal
